
Microsoft Visual Studio Solution File, Format Version 12.00
# Visual Studio 2012
Project("{FAE04EC0-301F-11D3-BF4B-00C04F79EFBC}") = "BuildMonitor", "BuildMonitor\BuildMonitor.csproj", "{73EECF71-63B4-47E6-8513-BF4B0C844C5D}"
EndProject
Global
	GlobalSection(SolutionConfigurationPlatforms) = preSolution
		Debug|Any CPU = Debug|Any CPU
		Release|Any CPU = Release|Any CPU
	EndGlobalSection
	GlobalSection(ProjectConfigurationPlatforms) = postSolution
		{73EECF71-63B4-47E6-8513-BF4B0C844C5D}.Debug|Any CPU.ActiveCfg = Debug|Any CPU
		{73EECF71-63B4-47E6-8513-BF4B0C844C5D}.Debug|Any CPU.Build.0 = Debug|Any CPU
		{73EECF71-63B4-47E6-8513-BF4B0C844C5D}.Release|Any CPU.ActiveCfg = Release|Any CPU
		{73EECF71-63B4-47E6-8513-BF4B0C844C5D}.Release|Any CPU.Build.0 = Release|Any CPU
	EndGlobalSection
	GlobalSection(SolutionProperties) = preSolution
		HideSolutionNode = FALSE
	EndGlobalSection
EndGlobal
