
Microsoft Visual Studio Solution File, Format Version 12.00
# Visual Studio 2012
Project("{FAE04EC0-301F-11D3-BF4B-00C04F79EFBC}") = "UsbCube", "UsbCube\UsbCube.csproj", "{721E67E6-EB94-4FC4-AD47-E9B840331E95}"
EndProject
Global
	GlobalSection(SolutionConfigurationPlatforms) = preSolution
		Debug|Any CPU = Debug|Any CPU
		Release|Any CPU = Release|Any CPU
	EndGlobalSection
	GlobalSection(ProjectConfigurationPlatforms) = postSolution
		{721E67E6-EB94-4FC4-AD47-E9B840331E95}.Debug|Any CPU.ActiveCfg = Debug|Any CPU
		{721E67E6-EB94-4FC4-AD47-E9B840331E95}.Debug|Any CPU.Build.0 = Debug|Any CPU
		{721E67E6-EB94-4FC4-AD47-E9B840331E95}.Release|Any CPU.ActiveCfg = Release|Any CPU
		{721E67E6-EB94-4FC4-AD47-E9B840331E95}.Release|Any CPU.Build.0 = Release|Any CPU
	EndGlobalSection
	GlobalSection(SolutionProperties) = preSolution
		HideSolutionNode = FALSE
	EndGlobalSection
EndGlobal
